{
  "packages": [
    {
      "name": "ledger",
      "version": "0.5.0",
      "sha256": "3c3827b1e9b7e727c439837e33e659ca86227a902d6485f52fee71eaba33e431"
    },
    {
      "name": "grounding",
      "version": "1.1.0",
      "sha256": "4229507b3a8162d815a73ba37e9f204d23c8f6c07a6698ff5620e51ba3ef402b"
    }
  ]
}
